Microsoft Visual Studio Solution File, Format Version 12.00
# Visual Studio Version 17
VisualStudioVersion = 17.5.2.0
MinimumVisualStudioVersion = 10.0.40219.1
Project("{2150E333-8FDC-42A3-9474-1A3956D46DE8}") = "src", "src", "{827E0CD3-B72D-47B6-A68D-7590B98EB39B}"
EndProject
Project("{2150E333-8FDC-42A3-9474-1A3956D46DE8}") = "tests", "tests", "{0AB3BF05-4346-4AA6-1389-037BE0695223}"
EndProject
Project("{FAE04EC0-301F-11D3-BF4B-00C04F79EFBC}") = "AgentOrchestrator.Agents", "src\AgentOrchestrator.Agents\AgentOrchestrator.Agents.csproj", "{C0A1E6B1-ED3F-C035-A9BA-8EB23F56E542}"
EndProject
Project("{FAE04EC0-301F-11D3-BF4B-00C04F79EFBC}") = "AgentOrchestrator.Cli", "src\AgentOrchestrator.Cli\AgentOrchestrator.Cli.csproj", "{E270DE38-4CD1-A035-5834-3CA010B5D169}"
EndProject
Project("{FAE04EC0-301F-11D3-BF4B-00C04F79EFBC}") = "AgentOrchestrator.Core", "src\AgentOrchestrator.Core\AgentOrchestrator.Core.csproj", "{E29A69AC-5D37-1A05-F912-169825F99A8B}"
EndProject
Project("{FAE04EC0-301F-11D3-BF4B-00C04F79EFBC}") = "AgentOrchestrator.Infrastructure", "src\AgentOrchestrator.Infrastructure\AgentOrchestrator.Infrastructure.csproj", "{0D153853-D275-2A71-94F9-B380052E6AE0}"
EndProject
Project("{FAE04EC0-301F-11D3-BF4B-00C04F79EFBC}") = "AgentOrchestrator.Tests", "tests\AgentOrchestrator.Tests\AgentOrchestrator.Tests.csproj", "{1DA53218-1A6A-7FA8-47D5-1BD44651F443}"
EndProject
Global
	GlobalSection(SolutionConfigurationPlatforms) = preSolution
		Debug|Any CPU = Debug|Any CPU
		Release|Any CPU = Release|Any CPU
	EndGlobalSection
	GlobalSection(ProjectConfigurationPlatforms) = postSolution
		{C0A1E6B1-ED3F-C035-A9BA-8EB23F56E542}.Debug|Any CPU.ActiveCfg = Debug|Any CPU
		{C0A1E6B1-ED3F-C035-A9BA-8EB23F56E542}.Debug|Any CPU.Build.0 = Debug|Any CPU
		{C0A1E6B1-ED3F-C035-A9BA-8EB23F56E542}.Release|Any CPU.ActiveCfg = Release|Any CPU
		{C0A1E6B1-ED3F-C035-A9BA-8EB23F56E542}.Release|Any CPU.Build.0 = Release|Any CPU
		{E270DE38-4CD1-A035-5834-3CA010B5D169}.Debug|Any CPU.ActiveCfg = Debug|Any CPU
		{E270DE38-4CD1-A035-5834-3CA010B5D169}.Debug|Any CPU.Build.0 = Debug|Any CPU
		{E270DE38-4CD1-A035-5834-3CA010B5D169}.Release|Any CPU.ActiveCfg = Release|Any CPU
		{E270DE38-4CD1-A035-5834-3CA010B5D169}.Release|Any CPU.Build.0 = Release|Any CPU
		{E29A69AC-5D37-1A05-F912-169825F99A8B}.Debug|Any CPU.ActiveCfg = Debug|Any CPU
		{E29A69AC-5D37-1A05-F912-169825F99A8B}.Debug|Any CPU.Build.0 = Debug|Any CPU
		{E29A69AC-5D37-1A05-F912-169825F99A8B}.Release|Any CPU.ActiveCfg = Release|Any CPU
		{E29A69AC-5D37-1A05-F912-169825F99A8B}.Release|Any CPU.Build.0 = Release|Any CPU
		{0D153853-D275-2A71-94F9-B380052E6AE0}.Debug|Any CPU.ActiveCfg = Debug|Any CPU
		{0D153853-D275-2A71-94F9-B380052E6AE0}.Debug|Any CPU.Build.0 = Debug|Any CPU
		{0D153853-D275-2A71-94F9-B380052E6AE0}.Release|Any CPU.ActiveCfg = Release|Any CPU
		{0D153853-D275-2A71-94F9-B380052E6AE0}.Release|Any CPU.Build.0 = Release|Any CPU
		{1DA53218-1A6A-7FA8-47D5-1BD44651F443}.Debug|Any CPU.ActiveCfg = Debug|Any CPU
		{1DA53218-1A6A-7FA8-47D5-1BD44651F443}.Debug|Any CPU.Build.0 = Debug|Any CPU
		{1DA53218-1A6A-7FA8-47D5-1BD44651F443}.Release|Any CPU.ActiveCfg = Release|Any CPU
		{1DA53218-1A6A-7FA8-47D5-1BD44651F443}.Release|Any CPU.Build.0 = Release|Any CPU
	EndGlobalSection
	GlobalSection(SolutionProperties) = preSolution
		HideSolutionNode = FALSE
	EndGlobalSection
	GlobalSection(NestedProjects) = preSolution
		{C0A1E6B1-ED3F-C035-A9BA-8EB23F56E542} = {827E0CD3-B72D-47B6-A68D-7590B98EB39B}
		{E270DE38-4CD1-A035-5834-3CA010B5D169} = {827E0CD3-B72D-47B6-A68D-7590B98EB39B}
		{E29A69AC-5D37-1A05-F912-169825F99A8B} = {827E0CD3-B72D-47B6-A68D-7590B98EB39B}
		{0D153853-D275-2A71-94F9-B380052E6AE0} = {827E0CD3-B72D-47B6-A68D-7590B98EB39B}
		{1DA53218-1A6A-7FA8-47D5-1BD44651F443} = {0AB3BF05-4346-4AA6-1389-037BE0695223}
	EndGlobalSection
	GlobalSection(ExtensibilityGlobals) = postSolution
		SolutionGuid = {4EF32256-D009-4594-8FBB-966480CC77BB}
	EndGlobalSection
EndGlobal
